// !$*UTF8*$!
{
	archiveVersion = 1;
	classes = {
	};
	objectVersion = 50;
	objects = {

/* Begin PBXBuildFile section */
		21426085245D3BE0008FCA4D /* AppDelegate.swift in Sources */ = {isa = PBXBuildFile; fileRef = 21426084245D3BE0008FCA4D /* AppDelegate.swift */; };
		21426087245D3BE0008FCA4D /* SceneDelegate.swift in Sources */ = {isa = PBXBuildFile; fileRef = 21426086245D3BE0008FCA4D /* SceneDelegate.swift */; };
		21426089245D3BE0008FCA4D /* ViewController.swift in Sources */ = {isa = PBXBuildFile; fileRef = 21426088245D3BE0008FCA4D /* ViewController.swift */; };
		2142608C245D3BE0008FCA4D /* Main.storyboard in Resources */ = {isa = PBXBuildFile; fileRef = 2142608A245D3BE0008FCA4D /* Main.storyboard */; };
		2142608F245D3BE0008FCA4D /* LoginUserCoreDataPractice.xcdatamodeld in Sources */ = {isa = PBXBuildFile; fileRef = 2142608D245D3BE0008FCA4D /* LoginUserCoreDataPractice.xcdatamodeld */; };
		21426091245D3BE3008FCA4D /* Assets.xcassets in Resources */ = {isa = PBXBuildFile; fileRef = 21426090245D3BE3008FCA4D /* Assets.xcassets */; };
		21426094245D3BE3008FCA4D /* LaunchScreen.storyboard in Resources */ = {isa = PBXBuildFile; fileRef = 21426092245D3BE3008FCA4D /* LaunchScreen.storyboard */; };
/* End PBXBuildFile section */

/* Begin PBXFileReference section */
		21426081245D3BE0008FCA4D /* LoginUserCoreDataPractice.app */ = {isa = PBXFileReference; explicitFileType = wrapper.application; includeInIndex = 0; path = LoginUserCoreDataPractice.app; sourceTree = BUILT_PRODUCTS_DIR; };
		21426084245D3BE0008FCA4D /* AppDelegate.swift */ = {isa = PBXFileReference; lastKnownFileType = sourcecode.swift; path = AppDelegate.swift; sourceTree = "<group>"; };
		21426086245D3BE0008FCA4D /* SceneDelegate.swift */ = {isa = PBXFileReference; lastKnownFileType = sourcecode.swift; path = SceneDelegate.swift; sourceTree = "<group>"; };
		21426088245D3BE0008FCA4D /* ViewController.swift */ = {isa = PBXFileReference; lastKnownFileType = sourcecode.swift; path = ViewController.swift; sourceTree = "<group>"; };
		2142608B245D3BE0008FCA4D /* Base */ = {isa = PBXFileReference; lastKnownFileType = file.storyboard; name = Base; path = Base.lproj/Main.storyboard; sourceTree = "<group>"; };
		2142608E245D3BE0008FCA4D /* LoginUserCoreDataPractice.xcdatamodel */ = {isa = PBXFileReference; lastKnownFileType = wrapper.xcdatamodel; path = LoginUserCoreDataPractice.xcdatamodel; sourceTree = "<group>"; };
		21426090245D3BE3008FCA4D /* Assets.xcassets */ = {isa = PBXFileReference; lastKnownFileType = folder.assetcatalog; path = Assets.xcassets; sourceTree = "<group>"; };
		21426093245D3BE3008FCA4D /* Base */ = {isa = PBXFileReference; lastKnownFileType = file.storyboard; name = Base; path = Base.lproj/LaunchScreen.storyboard; sourceTree = "<group>"; };
		21426095245D3BE3008FCA4D /* Info.plist */ = {isa = PBXFileReference; lastKnownFileType = text.plist.xml; path = Info.plist; sourceTree = "<group>"; };
/* End PBXFileReference section */

/* Begin PBXFrameworksBuildPhase section */
		2142607E245D3BE0008FCA4D /* Frameworks */ = {
			isa = PBXFrameworksBuildPhase;
			buildActionMask = 2147483647;
			files = (
			);
			runOnlyForDeploymentPostprocessing = 0;
		};
/* End PBXFrameworksBuildPhase section */

/* Begin PBXGroup section */
		21426078245D3BE0008FCA4D = {
			isa = PBXGroup;
			children = (
				21426083245D3BE0008FCA4D /* LoginUserCoreDataPractice */,
				21426082245D3BE0008FCA4D /* Products */,
			);
			sourceTree = "<group>";
		};
		21426082245D3BE0008FCA4D /* Products */ = {
			isa = PBXGroup;
			children = (
				21426081245D3BE0008FCA4D /* LoginUserCoreDataPractice.app */,
			);
			name = Products;
			sourceTree = "<group>";
		};
		21426083245D3BE0008FCA4D /* LoginUserCoreDataPractice */ = {
			isa = PBXGroup;
			children = (
				21426084245D3BE0008FCA4D /* AppDelegate.swift */,
				21426086245D3BE0008FCA4D /* SceneDelegate.swift */,
				21426088245D3BE0008FCA4D /* ViewController.swift */,
				2142608A245D3BE0008FCA4D /* Main.storyboard */,
				21426090245D3BE3008FCA4D /* Assets.xcassets */,
				21426092245D3BE3008FCA4D /* LaunchScreen.storyboard */,
				21426095245D3BE3008FCA4D /* Info.plist */,
				2142608D245D3BE0008FCA4D /* LoginUserCoreDataPractice.xcdatamodeld */,
			);
			path = LoginUserCoreDataPractice;
			sourceTree = "<group>";
		};
/* End PBXGroup section */

/* Begin PBXNativeTarget section */
		21426080245D3BE0008FCA4D /* LoginUserCoreDataPractice */ = {
			isa = PBXNativeTarget;
			buildConfigurationList = 21426098245D3BE3008FCA4D /* Build configuration list for PBXNativeTarget "LoginUserCoreDataPractice" */;
			buildPhases = (
				2142607D245D3BE0008FCA4D /* Sources */,
				2142607E245D3BE0008FCA4D /* Frameworks */,
				2142607F245D3BE0008FCA4D /* Resources */,
			);
			buildRules = (
			);
			dependencies = (
			);
			name = LoginUserCoreDataPractice;
			productName = LoginUserCoreDataPractice;
			productReference = 21426081245D3BE0008FCA4D /* LoginUserCoreDataPractice.app */;
			productType = "com.apple.product-type.application";
		};
/* End PBXNativeTarget section */

/* Begin PBXProject section */
		21426079245D3BE0008FCA4D /* Project object */ = {
			isa = PBXProject;
			attributes = {
				LastSwiftUpdateCheck = 1140;
				LastUpgradeCheck = 1140;
				ORGANIZATIONNAME = "Anton Veldanov";
				TargetAttributes = {
					21426080245D3BE0008FCA4D = {
						CreatedOnToolsVersion = 11.4.1;
					};
				};
			};
			buildConfigurationList = 2142607C245D3BE0008FCA4D /* Build configuration list for PBXProject "LoginUserCoreDataPractice" */;
			compatibilityVersion = "Xcode 9.3";
			developmentRegion = en;
			hasScannedForEncodings = 0;
			knownRegions = (
				en,
				Base,
			);
			mainGroup = 21426078245D3BE0008FCA4D;
			productRefGroup = 21426082245D3BE0008FCA4D /* Products */;
			projectDirPath = "";
			projectRoot = "";
			targets = (
				21426080245D3BE0008FCA4D /* LoginUserCoreDataPractice */,
			);
		};
/* End PBXProject section */

/* Begin PBXResourcesBuildPhase section */
		2142607F245D3BE0008FCA4D /* Resources */ = {
			isa = PBXResourcesBuildPhase;
			buildActionMask = 2147483647;
			files = (
				21426094245D3BE3008FCA4D /* LaunchScreen.storyboard in Resources */,
				21426091245D3BE3008FCA4D /* Assets.xcassets in Resources */,
				2142608C245D3BE0008FCA4D /* Main.storyboard in Resources */,
			);
			runOnlyForDeploymentPostprocessing = 0;
		};
/* End PBXResourcesBuildPhase section */

/* Begin PBXSourcesBuildPhase section */
		2142607D245D3BE0008FCA4D /* Sources */ = {
			isa = PBXSourcesBuildPhase;
			buildActionMask = 2147483647;
			files = (
				2142608F245D3BE0008FCA4D /* LoginUserCoreDataPractice.xcdatamodeld in Sources */,
				21426089245D3BE0008FCA4D /* ViewController.swift in Sources */,
				21426085245D3BE0008FCA4D /* AppDelegate.swift in Sources */,
				21426087245D3BE0008FCA4D /* SceneDelegate.swift in Sources */,
			);
			runOnlyForDeploymentPostprocessing = 0;
		};
/* End PBXSourcesBuildPhase section */

/* Begin PBXVariantGroup section */
		2142608A245D3BE0008FCA4D /* Main.storyboard */ = {
			isa = PBXVariantGroup;
			children = (
				2142608B245D3BE0008FCA4D /* Base */,
			);
			name = Main.storyboard;
			sourceTree = "<group>";
		};
		21426092245D3BE3008FCA4D /* LaunchScreen.storyboard */ = {
			isa = PBXVariantGroup;
			children = (
				21426093245D3BE3008FCA4D /* Base */,
			);
			name = LaunchScreen.storyboard;
			sourceTree = "<group>";
		};
/* End PBXVariantGroup section */

/* Begin XCBuildConfiguration section */
		21426096245D3BE3008FCA4D /* Debug */ = {
			isa = XCBuildConfiguration;
			buildSettings = {
				ALWAYS_SEARCH_USER_PATHS = NO;
				CLANG_ANALYZER_NONNULL = YES;
				CLANG_ANALYZER_NUMBER_OBJECT_CONVERSION = YES_AGGRESSIVE;
				CLANG_CXX_LANGUAGE_STANDARD = "gnu++14";
				CLANG_CXX_LIBRARY = "libc++";
				CLANG_ENABLE_MODULES = YES;
				CLANG_ENABLE_OBJC_ARC = YES;
				CLANG_ENABLE_OBJC_WEAK = YES;
				CLANG_WARN_BLOCK_CAPTURE_AUTORELEASING = YES;
				CLANG_WARN_BOOL_CONVERSION = YES;
				CLANG_WARN_COMMA = YES;
				CLANG_WARN_CONSTANT_CONVERSION = YES;
				CLANG_WARN_DEPRECATED_OBJC_IMPLEMENTATIONS = YES;
				CLANG_WARN_DIRECT_OBJC_ISA_USAGE = YES_ERROR;
				CLANG_WARN_DOCUMENTATION_COMMENTS = YES;
				CLANG_WARN_EMPTY_BODY = YES;
				CLANG_WARN_ENUM_CONVERSION = YES;
				CLANG_WARN_INFINITE_RECURSION = YES;
				CLANG_WARN_INT_CONVERSION = YES;
				CLANG_WARN_NON_LITERAL_NULL_CONVERSION = YES;
				CLANG_WARN_OBJC_IMPLICIT_RETAIN_SELF = YES;
				CLANG_WARN_OBJC_LITERAL_CONVERSION = YES;
				CLANG_WARN_OBJC_ROOT_CLASS = YES_ERROR;
				CLANG_WARN_RANGE_LOOP_ANALYSIS = YES;
				CLANG_WARN_STRICT_PROTOTYPES = YES;
				CLANG_WARN_SUSPICIOUS_MOVE = YES;
				CLANG_WARN_UNGUARDED_AVAILABILITY = YES_AGGRESSIVE;
				CLANG_WARN_UNREACHABLE_CODE = YES;
				CLANG_WARN__DUPLICATE_METHOD_MATCH = YES;
				COPY_PHASE_STRIP = NO;
				DEBUG_INFORMATION_FORMAT = dwarf;
				ENABLE_STRICT_OBJC_MSGSEND = YES;
				ENABLE_TESTABILITY = YES;
				GCC_C_LANGUAGE_STANDARD = gnu11;
				GCC_DYNAMIC_NO_PIC = NO;
				GCC_NO_COMMON_BLOCKS = YES;
				GCC_OPTIMIZATION_LEVEL = 0;
				GCC_PREPROCESSOR_DEFINITIONS = (
					"DEBUG=1",
					"$(inherited)",
				);
				GCC_WARN_64_TO_32_BIT_CONVERSION = YES;
				GCC_WARN_ABOUT_RETURN_TYPE = YES_ERROR;
				GCC_WARN_UNDECLARED_SELECTOR = YES;
				GCC_WARN_UNINITIALIZED_AUTOS = YES_AGGRESSIVE;
				GCC_WARN_UNUSED_FUNCTION = YES;
				GCC_WARN_UNUSED_VARIABLE = YES;
				IPHONEOS_DEPLOYMENT_TARGET = 13.4;
				MTL_ENABLE_DEBUG_INFO = INCLUDE_SOURCE;
				MTL_FAST_MATH = YES;
				ONLY_ACTIVE_ARCH = YES;
				SDKROOT = iphoneos;
				SWIFT_ACTIVE_COMPILATION_CONDITIONS = DEBUG;
				SWIFT_OPTIMIZATION_LEVEL = "-Onone";
			};
			name = Debug;
		};
		21426097245D3BE3008FCA4D /* Release */ = {
			isa = XCBuildConfiguration;
			buildSettings = {
				ALWAYS_SEARCH_USER_PATHS = NO;
				CLANG_ANALYZER_NONNULL = YES;
				CLANG_ANALYZER_NUMBER_OBJECT_CONVERSION = YES_AGGRESSIVE;
				CLANG_CXX_LANGUAGE_STANDARD = "gnu++14";
				CLANG_CXX_LIBRARY = "libc++";
				CLANG_ENABLE_MODULES = YES;
				CLANG_ENABLE_OBJC_ARC = YES;
				CLANG_ENABLE_OBJC_WEAK = YES;
				CLANG_WARN_BLOCK_CAPTURE_AUTORELEASING = YES;
				CLANG_WARN_BOOL_CONVERSION = YES;
				CLANG_WARN_COMMA = YES;
				CLANG_WARN_CONSTANT_CONVERSION = YES;
				CLANG_WARN_DEPRECATED_OBJC_IMPLEMENTATIONS = YES;
				CLANG_WARN_DIRECT_OBJC_ISA_USAGE = YES_ERROR;
				CLANG_WARN_DOCUMENTATION_COMMENTS = YES;
				CLANG_WARN_EMPTY_BODY = YES;
				CLANG_WARN_ENUM_CONVERSION = YES;
				CLANG_WARN_INFINITE_RECURSION = YES;
				CLANG_WARN_INT_CONVERSION = YES;
				CLANG_WARN_NON_LITERAL_NULL_CONVERSION = YES;
				CLANG_WARN_OBJC_IMPLICIT_RETAIN_SELF = YES;
				CLANG_WARN_OBJC_LITERAL_CONVERSION = YES;
				CLANG_WARN_OBJC_ROOT_CLASS = YES_ERROR;
				CLANG_WARN_RANGE_LOOP_ANALYSIS = YES;
				CLANG_WARN_STRICT_PROTOTYPES = YES;
				CLANG_WARN_SUSPICIOUS_MOVE = YES;
				CLANG_WARN_UNGUARDED_AVAILABILITY = YES_AGGRESSIVE;
				CLANG_WARN_UNREACHABLE_CODE = YES;
				CLANG_WARN__DUPLICATE_METHOD_MATCH = YES;
				COPY_PHASE_STRIP = NO;
				DEBUG_INFORMATION_FORMAT = "dwarf-with-dsym";
				ENABLE_NS_ASSERTIONS = NO;
				ENABLE_STRICT_OBJC_MSGSEND = YES;
				GCC_C_LANGUAGE_STANDARD = gnu11;
				GCC_NO_COMMON_BLOCKS = YES;
				GCC_WARN_64_TO_32_BIT_CONVERSION = YES;
				GCC_WARN_ABOUT_RETURN_TYPE = YES_ERROR;
				GCC_WARN_UNDECLARED_SELECTOR = YES;
				GCC_WARN_UNINITIALIZED_AUTOS = YES_AGGRESSIVE;
				GCC_WARN_UNUSED_FUNCTION = YES;
				GCC_WARN_UNUSED_VARIABLE = YES;
				IPHONEOS_DEPLOYMENT_TARGET = 13.4;
				MTL_ENABLE_DEBUG_INFO = NO;
				MTL_FAST_MATH = YES;
				SDKROOT = iphoneos;
				SWIFT_COMPILATION_MODE = wholemodule;
				SWIFT_OPTIMIZATION_LEVEL = "-O";
				VALIDATE_PRODUCT = YES;
			};
			name = Release;
		};
		21426099245D3BE3008FCA4D /* Debug */ = {
			isa = XCBuildConfiguration;
			buildSettings = {
				ASSETCATALOG_COMPILER_APPICON_NAME = AppIcon;
				CODE_SIGN_STYLE = Automatic;
				DEVELOPMENT_TEAM = QLJ84Q3ZSY;
				INFOPLIST_FILE = LoginUserCoreDataPractice/Info.plist;
				LD_RUNPATH_SEARCH_PATHS = (
					"$(inherited)",
					"@executable_path/Frameworks",
				);
				PRODUCT_BUNDLE_IDENTIFIER = com.aveldanov.LoginUserCoreDataPractice;
				PRODUCT_NAME = "$(TARGET_NAME)";
				SWIFT_VERSION = 5.0;
				TARGETED_DEVICE_FAMILY = "1,2";
			};
			name = Debug;
		};
		2142609A245D3BE3008FCA4D /* Release */ = {
			isa = XCBuildConfiguration;
			buildSettings = {
				ASSETCATALOG_COMPILER_APPICON_NAME = AppIcon;
				CODE_SIGN_STYLE = Automatic;
				DEVELOPMENT_TEAM = QLJ84Q3ZSY;
				INFOPLIST_FILE = LoginUserCoreDataPractice/Info.plist;
				LD_RUNPATH_SEARCH_PATHS = (
					"$(inherited)",
					"@executable_path/Frameworks",
				);
				PRODUCT_BUNDLE_IDENTIFIER = com.aveldanov.LoginUserCoreDataPractice;
				PRODUCT_NAME = "$(TARGET_NAME)";
				SWIFT_VERSION = 5.0;
				TARGETED_DEVICE_FAMILY = "1,2";
			};
			name = Release;
		};
/* End XCBuildConfiguration section */

/* Begin XCConfigurationList section */
		2142607C245D3BE0008FCA4D /* Build configuration list for PBXProject "LoginUserCoreDataPractice" */ = {
			isa = XCConfigurationList;
			buildConfigurations = (
				21426096245D3BE3008FCA4D /* Debug */,
				21426097245D3BE3008FCA4D /* Release */,
			);
			defaultConfigurationIsVisible = 0;
			defaultConfigurationName = Release;
		};
		21426098245D3BE3008FCA4D /* Build configuration list for PBXNativeTarget "LoginUserCoreDataPractice" */ = {
			isa = XCConfigurationList;
			buildConfigurations = (
				21426099245D3BE3008FCA4D /* Debug */,
				2142609A245D3BE3008FCA4D /* Release */,
			);
			defaultConfigurationIsVisible = 0;
			defaultConfigurationName = Release;
		};
/* End XCConfigurationList section */

/* Begin XCVersionGroup section */
		2142608D245D3BE0008FCA4D /* LoginUserCoreDataPractice.xcdatamodeld */ = {
			isa = XCVersionGroup;
			children = (
				2142608E245D3BE0008FCA4D /* LoginUserCoreDataPractice.xcdatamodel */,
			);
			currentVersion = 2142608E245D3BE0008FCA4D /* LoginUserCoreDataPractice.xcdatamodel */;
			path = LoginUserCoreDataPractice.xcdatamodeld;
			sourceTree = "<group>";
			versionGroupType = wrapper.xcdatamodel;
		};
/* End XCVersionGroup section */
	};
	rootObject = 21426079245D3BE0008FCA4D /* Project object */;
}
